
Microsoft Visual Studio Solution File, Format Version 12.00
# Visual Studio Version 17
VisualStudioVersion = 17.4.33122.133
MinimumVisualStudioVersion = 10.0.40219.1
Project("{9A19103F-16F7-4668-BE54-9A1E7A4F7556}") = "Lazy.Server", "Lazy\Server\Lazy.Server.csproj", "{7F3D3477-2764-48B4-A6D3-68E3BE2941A6}"
EndProject
Project("{9A19103F-16F7-4668-BE54-9A1E7A4F7556}") = "Lazy.Client", "Lazy\Client\Lazy.Client.csproj", "{C0761A31-F748-4027-AA3A-699BEFF33443}"
EndProject
Project("{9A19103F-16F7-4668-BE54-9A1E7A4F7556}") = "Lazy.Model", "Lazy\Shared\Lazy.Model.csproj", "{A716C475-7543-4D23-8B04-5F17E05AC0E0}"
EndProject
Project("{9A19103F-16F7-4668-BE54-9A1E7A4F7556}") = "Lazy.Util", "Lazy.Util\Lazy.Util.csproj", "{30F8227E-BB1C-4FEB-9B4A-A5E751C2E552}"
EndProject
Project("{9A19103F-16F7-4668-BE54-9A1E7A4F7556}") = "Lazy.Data", "Lazy.Data\Lazy.Data.csproj", "{B6106DAF-8CEC-433C-B56F-691ABF783FDD}"
EndProject
Project("{2150E333-8FDC-42A3-9474-1A3956D46DE8}") = "Infra", "Infra", "{83EC67A9-34D0-4412-A050-D73ACB1F91EF}"
EndProject
Project("{9A19103F-16F7-4668-BE54-9A1E7A4F7556}") = "Lazy.EF", "Lazy.EF\Lazy.EF.csproj", "{E7668A93-D8D2-4229-BB57-EE19C46E0047}"
EndProject
Project("{2150E333-8FDC-42A3-9474-1A3956D46DE8}") = "Solution Items", "Solution Items", "{3558CEA2-E08B-426D-AABF-8DCCE8EE942C}"
	ProjectSection(SolutionItems) = preProject
		readme.md = readme.md
	EndProjectSection
EndProject
Global
	GlobalSection(SolutionConfigurationPlatforms) = preSolution
		Debug|Any CPU = Debug|Any CPU
		Release|Any CPU = Release|Any CPU
	EndGlobalSection
	GlobalSection(ProjectConfigurationPlatforms) = postSolution
		{7F3D3477-2764-48B4-A6D3-68E3BE2941A6}.Debug|Any CPU.ActiveCfg = Debug|Any CPU
		{7F3D3477-2764-48B4-A6D3-68E3BE2941A6}.Debug|Any CPU.Build.0 = Debug|Any CPU
		{7F3D3477-2764-48B4-A6D3-68E3BE2941A6}.Release|Any CPU.ActiveCfg = Release|Any CPU
		{7F3D3477-2764-48B4-A6D3-68E3BE2941A6}.Release|Any CPU.Build.0 = Release|Any CPU
		{C0761A31-F748-4027-AA3A-699BEFF33443}.Debug|Any CPU.ActiveCfg = Debug|Any CPU
		{C0761A31-F748-4027-AA3A-699BEFF33443}.Debug|Any CPU.Build.0 = Debug|Any CPU
		{C0761A31-F748-4027-AA3A-699BEFF33443}.Release|Any CPU.ActiveCfg = Release|Any CPU
		{C0761A31-F748-4027-AA3A-699BEFF33443}.Release|Any CPU.Build.0 = Release|Any CPU
		{A716C475-7543-4D23-8B04-5F17E05AC0E0}.Debug|Any CPU.ActiveCfg = Debug|Any CPU
		{A716C475-7543-4D23-8B04-5F17E05AC0E0}.Debug|Any CPU.Build.0 = Debug|Any CPU
		{A716C475-7543-4D23-8B04-5F17E05AC0E0}.Release|Any CPU.ActiveCfg = Release|Any CPU
		{A716C475-7543-4D23-8B04-5F17E05AC0E0}.Release|Any CPU.Build.0 = Release|Any CPU
		{30F8227E-BB1C-4FEB-9B4A-A5E751C2E552}.Debug|Any CPU.ActiveCfg = Debug|Any CPU
		{30F8227E-BB1C-4FEB-9B4A-A5E751C2E552}.Debug|Any CPU.Build.0 = Debug|Any CPU
		{30F8227E-BB1C-4FEB-9B4A-A5E751C2E552}.Release|Any CPU.ActiveCfg = Release|Any CPU
		{30F8227E-BB1C-4FEB-9B4A-A5E751C2E552}.Release|Any CPU.Build.0 = Release|Any CPU
		{B6106DAF-8CEC-433C-B56F-691ABF783FDD}.Debug|Any CPU.ActiveCfg = Debug|Any CPU
		{B6106DAF-8CEC-433C-B56F-691ABF783FDD}.Debug|Any CPU.Build.0 = Debug|Any CPU
		{B6106DAF-8CEC-433C-B56F-691ABF783FDD}.Release|Any CPU.ActiveCfg = Release|Any CPU
		{B6106DAF-8CEC-433C-B56F-691ABF783FDD}.Release|Any CPU.Build.0 = Release|Any CPU
		{E7668A93-D8D2-4229-BB57-EE19C46E0047}.Debug|Any CPU.ActiveCfg = Debug|Any CPU
		{E7668A93-D8D2-4229-BB57-EE19C46E0047}.Debug|Any CPU.Build.0 = Debug|Any CPU
		{E7668A93-D8D2-4229-BB57-EE19C46E0047}.Release|Any CPU.ActiveCfg = Release|Any CPU
		{E7668A93-D8D2-4229-BB57-EE19C46E0047}.Release|Any CPU.Build.0 = Release|Any CPU
	EndGlobalSection
	GlobalSection(SolutionProperties) = preSolution
		HideSolutionNode = FALSE
	EndGlobalSection
	GlobalSection(NestedProjects) = preSolution
		{30F8227E-BB1C-4FEB-9B4A-A5E751C2E552} = {83EC67A9-34D0-4412-A050-D73ACB1F91EF}
		{B6106DAF-8CEC-433C-B56F-691ABF783FDD} = {83EC67A9-34D0-4412-A050-D73ACB1F91EF}
		{E7668A93-D8D2-4229-BB57-EE19C46E0047} = {83EC67A9-34D0-4412-A050-D73ACB1F91EF}
	EndGlobalSection
	GlobalSection(ExtensibilityGlobals) = postSolution
		SolutionGuid = {FA3F694C-AF3B-48A6-8CAD-D22C42546C00}
	EndGlobalSection
EndGlobal
