
Microsoft Visual Studio Solution File, Format Version 12.00
# Visual Studio 15
VisualStudioVersion = 15.0.27703.2035
MinimumVisualStudioVersion = 10.0.40219.1
Project("{9A19103F-16F7-4668-BE54-9A1E7A4F7556}") = "trysome.ng", "trysome.ng\trysome.ng.csproj", "{48B658E3-26BD-44EB-84F9-8BCDAFB5E68D}"
EndProject
Project("{9A19103F-16F7-4668-BE54-9A1E7A4F7556}") = "ts.OData.Core.WithModel", "ts.OData.Core.WithModel\ts.OData.Core.WithModel.csproj", "{FD240B89-D95C-422B-B687-1133247210C9}"
EndProject
Project("{9A19103F-16F7-4668-BE54-9A1E7A4F7556}") = "ts.Domain", "ts.Domain\ts.Domain.csproj", "{9C9B3D5D-63A7-42E2-BF40-53DA4B39DDC1}"
EndProject
Project("{9A19103F-16F7-4668-BE54-9A1E7A4F7556}") = "ts.OData.Core", "ts.OData.Core\ts.OData.Core.csproj", "{EFB9AF95-4491-4DC6-BDA5-3748AE5CB3EA}"
EndProject
Project("{9A19103F-16F7-4668-BE54-9A1E7A4F7556}") = "ts.OData.Data.Core", "ts.OData.Data.Core\ts.OData.Data.Core.csproj", "{367809FA-FD6B-4CF1-A115-BB320CE8095C}"
EndProject
Project("{FAE04EC0-301F-11D3-BF4B-00C04F79EFBC}") = "ts.OData.Data.Net", "ts.OData.Data.Net\ts.OData.Data.Net.csproj", "{C48D30DA-C164-4BEE-B32C-6034DBF7E8EA}"
EndProject
Project("{FAE04EC0-301F-11D3-BF4B-00C04F79EFBC}") = "ts.OData.Server.Net", "ts.OData.Server.Net\ts.OData.Server.Net.csproj", "{9E9E2A01-96F6-4D6D-81E9-B9C08B5633B1}"
EndProject
Project("{FAE04EC0-301F-11D3-BF4B-00C04F79EFBC}") = "ts.OData.Client.Net", "ts.OData.Client.Net\ts.OData.Client.Net.csproj", "{6C496774-EBD0-48C9-98EB-4CE93C37E007}"
EndProject
Global
	GlobalSection(SolutionConfigurationPlatforms) = preSolution
		Debug|Any CPU = Debug|Any CPU
		Release|Any CPU = Release|Any CPU
	EndGlobalSection
	GlobalSection(ProjectConfigurationPlatforms) = postSolution
		{48B658E3-26BD-44EB-84F9-8BCDAFB5E68D}.Debug|Any CPU.ActiveCfg = Debug|Any CPU
		{48B658E3-26BD-44EB-84F9-8BCDAFB5E68D}.Debug|Any CPU.Build.0 = Debug|Any CPU
		{48B658E3-26BD-44EB-84F9-8BCDAFB5E68D}.Release|Any CPU.ActiveCfg = Release|Any CPU
		{48B658E3-26BD-44EB-84F9-8BCDAFB5E68D}.Release|Any CPU.Build.0 = Release|Any CPU
		{FD240B89-D95C-422B-B687-1133247210C9}.Debug|Any CPU.ActiveCfg = Debug|Any CPU
		{FD240B89-D95C-422B-B687-1133247210C9}.Debug|Any CPU.Build.0 = Debug|Any CPU
		{FD240B89-D95C-422B-B687-1133247210C9}.Release|Any CPU.ActiveCfg = Release|Any CPU
		{FD240B89-D95C-422B-B687-1133247210C9}.Release|Any CPU.Build.0 = Release|Any CPU
		{9C9B3D5D-63A7-42E2-BF40-53DA4B39DDC1}.Debug|Any CPU.ActiveCfg = Debug|Any CPU
		{9C9B3D5D-63A7-42E2-BF40-53DA4B39DDC1}.Debug|Any CPU.Build.0 = Debug|Any CPU
		{9C9B3D5D-63A7-42E2-BF40-53DA4B39DDC1}.Release|Any CPU.ActiveCfg = Release|Any CPU
		{9C9B3D5D-63A7-42E2-BF40-53DA4B39DDC1}.Release|Any CPU.Build.0 = Release|Any CPU
		{EFB9AF95-4491-4DC6-BDA5-3748AE5CB3EA}.Debug|Any CPU.ActiveCfg = Debug|Any CPU
		{EFB9AF95-4491-4DC6-BDA5-3748AE5CB3EA}.Debug|Any CPU.Build.0 = Debug|Any CPU
		{EFB9AF95-4491-4DC6-BDA5-3748AE5CB3EA}.Release|Any CPU.ActiveCfg = Release|Any CPU
		{EFB9AF95-4491-4DC6-BDA5-3748AE5CB3EA}.Release|Any CPU.Build.0 = Release|Any CPU
		{367809FA-FD6B-4CF1-A115-BB320CE8095C}.Debug|Any CPU.ActiveCfg = Debug|Any CPU
		{367809FA-FD6B-4CF1-A115-BB320CE8095C}.Debug|Any CPU.Build.0 = Debug|Any CPU
		{367809FA-FD6B-4CF1-A115-BB320CE8095C}.Release|Any CPU.ActiveCfg = Release|Any CPU
		{367809FA-FD6B-4CF1-A115-BB320CE8095C}.Release|Any CPU.Build.0 = Release|Any CPU
		{C48D30DA-C164-4BEE-B32C-6034DBF7E8EA}.Debug|Any CPU.ActiveCfg = Debug|Any CPU
		{C48D30DA-C164-4BEE-B32C-6034DBF7E8EA}.Debug|Any CPU.Build.0 = Debug|Any CPU
		{C48D30DA-C164-4BEE-B32C-6034DBF7E8EA}.Release|Any CPU.ActiveCfg = Release|Any CPU
		{C48D30DA-C164-4BEE-B32C-6034DBF7E8EA}.Release|Any CPU.Build.0 = Release|Any CPU
		{9E9E2A01-96F6-4D6D-81E9-B9C08B5633B1}.Debug|Any CPU.ActiveCfg = Debug|Any CPU
		{9E9E2A01-96F6-4D6D-81E9-B9C08B5633B1}.Debug|Any CPU.Build.0 = Debug|Any CPU
		{9E9E2A01-96F6-4D6D-81E9-B9C08B5633B1}.Release|Any CPU.ActiveCfg = Release|Any CPU
		{9E9E2A01-96F6-4D6D-81E9-B9C08B5633B1}.Release|Any CPU.Build.0 = Release|Any CPU
		{6C496774-EBD0-48C9-98EB-4CE93C37E007}.Debug|Any CPU.ActiveCfg = Debug|Any CPU
		{6C496774-EBD0-48C9-98EB-4CE93C37E007}.Debug|Any CPU.Build.0 = Debug|Any CPU
		{6C496774-EBD0-48C9-98EB-4CE93C37E007}.Release|Any CPU.ActiveCfg = Release|Any CPU
		{6C496774-EBD0-48C9-98EB-4CE93C37E007}.Release|Any CPU.Build.0 = Release|Any CPU
	EndGlobalSection
	GlobalSection(SolutionProperties) = preSolution
		HideSolutionNode = FALSE
	EndGlobalSection
	GlobalSection(ExtensibilityGlobals) = postSolution
		SolutionGuid = {1FF0F03D-69BC-4A7A-868B-DF851B2CEDA0}
	EndGlobalSection
EndGlobal
