
Microsoft Visual Studio Solution File, Format Version 12.00
# Visual Studio 15
VisualStudioVersion = 15.0.28307.271
MinimumVisualStudioVersion = 10.0.40219.1
Project("{9A19103F-16F7-4668-BE54-9A1E7A4F7556}") = "ts.Blazor", "ts.Blazor\ts.Blazor.csproj", "{99C7A210-7B0E-4C23-B750-23500B7C4AB2}"
EndProject
Project("{9A19103F-16F7-4668-BE54-9A1E7A4F7556}") = "ts.Domain", "ts.Domain\ts.Domain.csproj", "{0EE53CBE-DADE-42F2-AA75-00968E6C568E}"
EndProject
Project("{FAE04EC0-301F-11D3-BF4B-00C04F79EFBC}") = "ts.Blazor.Server", "ts.Blazor.Server\ts.Blazor.Server.csproj", "{2260B973-D37A-4D99-ACB5-16D6C66CD9E2}"
EndProject
Global
	GlobalSection(SolutionConfigurationPlatforms) = preSolution
		Debug|Any CPU = Debug|Any CPU
		Release|Any CPU = Release|Any CPU
	EndGlobalSection
	GlobalSection(ProjectConfigurationPlatforms) = postSolution
		{99C7A210-7B0E-4C23-B750-23500B7C4AB2}.Debug|Any CPU.ActiveCfg = Debug|Any CPU
		{99C7A210-7B0E-4C23-B750-23500B7C4AB2}.Debug|Any CPU.Build.0 = Debug|Any CPU
		{99C7A210-7B0E-4C23-B750-23500B7C4AB2}.Release|Any CPU.ActiveCfg = Release|Any CPU
		{99C7A210-7B0E-4C23-B750-23500B7C4AB2}.Release|Any CPU.Build.0 = Release|Any CPU
		{0EE53CBE-DADE-42F2-AA75-00968E6C568E}.Debug|Any CPU.ActiveCfg = Debug|Any CPU
		{0EE53CBE-DADE-42F2-AA75-00968E6C568E}.Debug|Any CPU.Build.0 = Debug|Any CPU
		{0EE53CBE-DADE-42F2-AA75-00968E6C568E}.Release|Any CPU.ActiveCfg = Release|Any CPU
		{0EE53CBE-DADE-42F2-AA75-00968E6C568E}.Release|Any CPU.Build.0 = Release|Any CPU
		{2260B973-D37A-4D99-ACB5-16D6C66CD9E2}.Debug|Any CPU.ActiveCfg = Debug|Any CPU
		{2260B973-D37A-4D99-ACB5-16D6C66CD9E2}.Debug|Any CPU.Build.0 = Debug|Any CPU
		{2260B973-D37A-4D99-ACB5-16D6C66CD9E2}.Release|Any CPU.ActiveCfg = Release|Any CPU
		{2260B973-D37A-4D99-ACB5-16D6C66CD9E2}.Release|Any CPU.Build.0 = Release|Any CPU
	EndGlobalSection
	GlobalSection(SolutionProperties) = preSolution
		HideSolutionNode = FALSE
	EndGlobalSection
	GlobalSection(ExtensibilityGlobals) = postSolution
		SolutionGuid = {4D4FAA0C-E072-4720-9A10-51F350115621}
	EndGlobalSection
EndGlobal
