
Microsoft Visual Studio Solution File, Format Version 12.00
# Visual Studio 15
VisualStudioVersion = 15.0.28307.271
MinimumVisualStudioVersion = 10.0.40219.1
Project("{9A19103F-16F7-4668-BE54-9A1E7A4F7556}") = "ts.Domain", "ts.Domain\ts.Domain.csproj", "{0EE53CBE-DADE-42F2-AA75-00968E6C568E}"
EndProject
Project("{9A19103F-16F7-4668-BE54-9A1E7A4F7556}") = "ts.Blazor.Api", "ts.Blazor.Server\ts.Blazor.Api.csproj", "{7E82774B-F249-49CD-B98C-6A9D0D8F2436}"
EndProject
Project("{9A19103F-16F7-4668-BE54-9A1E7A4F7556}") = "ts.Blazor", "ts.Blazor\ts.Blazor.csproj", "{75D32704-DAAA-4D5F-8C21-14B4591BF225}"
EndProject
Global
	GlobalSection(SolutionConfigurationPlatforms) = preSolution
		Debug|Any CPU = Debug|Any CPU
		Release|Any CPU = Release|Any CPU
	EndGlobalSection
	GlobalSection(ProjectConfigurationPlatforms) = postSolution
		{0EE53CBE-DADE-42F2-AA75-00968E6C568E}.Debug|Any CPU.ActiveCfg = Debug|Any CPU
		{0EE53CBE-DADE-42F2-AA75-00968E6C568E}.Debug|Any CPU.Build.0 = Debug|Any CPU
		{0EE53CBE-DADE-42F2-AA75-00968E6C568E}.Release|Any CPU.ActiveCfg = Release|Any CPU
		{0EE53CBE-DADE-42F2-AA75-00968E6C568E}.Release|Any CPU.Build.0 = Release|Any CPU
		{7E82774B-F249-49CD-B98C-6A9D0D8F2436}.Debug|Any CPU.ActiveCfg = Debug|Any CPU
		{7E82774B-F249-49CD-B98C-6A9D0D8F2436}.Debug|Any CPU.Build.0 = Debug|Any CPU
		{7E82774B-F249-49CD-B98C-6A9D0D8F2436}.Release|Any CPU.ActiveCfg = Release|Any CPU
		{7E82774B-F249-49CD-B98C-6A9D0D8F2436}.Release|Any CPU.Build.0 = Release|Any CPU
		{75D32704-DAAA-4D5F-8C21-14B4591BF225}.Debug|Any CPU.ActiveCfg = Debug|Any CPU
		{75D32704-DAAA-4D5F-8C21-14B4591BF225}.Debug|Any CPU.Build.0 = Debug|Any CPU
		{75D32704-DAAA-4D5F-8C21-14B4591BF225}.Release|Any CPU.ActiveCfg = Release|Any CPU
		{75D32704-DAAA-4D5F-8C21-14B4591BF225}.Release|Any CPU.Build.0 = Release|Any CPU
	EndGlobalSection
	GlobalSection(SolutionProperties) = preSolution
		HideSolutionNode = FALSE
	EndGlobalSection
	GlobalSection(ExtensibilityGlobals) = postSolution
		SolutionGuid = {4D4FAA0C-E072-4720-9A10-51F350115621}
	EndGlobalSection
EndGlobal
