
Microsoft Visual Studio Solution File, Format Version 12.00
# Visual Studio Version 17
VisualStudioVersion = 17.8.34525.116
MinimumVisualStudioVersion = 10.0.40219.1
Project("{9A19103F-16F7-4668-BE54-9A1E7A4F7556}") = "DFF", "DFF\DFF.csproj", "{97F7A187-1143-4EC8-9A84-BB411E9D0488}"
EndProject
Project("{FAE04EC0-301F-11D3-BF4B-00C04F79EFBC}") = "DFF.Tests", "DFF.Tests\DFF.Tests.csproj", "{9EFD9CA1-39E3-42B8-BA0C-0965E8010AAF}"
EndProject
Global
	GlobalSection(SolutionConfigurationPlatforms) = preSolution
		Debug|Any CPU = Debug|Any CPU
		Release|Any CPU = Release|Any CPU
	EndGlobalSection
	GlobalSection(ProjectConfigurationPlatforms) = postSolution
		{97F7A187-1143-4EC8-9A84-BB411E9D0488}.Debug|Any CPU.ActiveCfg = Debug|Any CPU
		{97F7A187-1143-4EC8-9A84-BB411E9D0488}.Debug|Any CPU.Build.0 = Debug|Any CPU
		{97F7A187-1143-4EC8-9A84-BB411E9D0488}.Release|Any CPU.ActiveCfg = Release|Any CPU
		{97F7A187-1143-4EC8-9A84-BB411E9D0488}.Release|Any CPU.Build.0 = Release|Any CPU
		{9EFD9CA1-39E3-42B8-BA0C-0965E8010AAF}.Debug|Any CPU.ActiveCfg = Debug|Any CPU
		{9EFD9CA1-39E3-42B8-BA0C-0965E8010AAF}.Debug|Any CPU.Build.0 = Debug|Any CPU
		{9EFD9CA1-39E3-42B8-BA0C-0965E8010AAF}.Release|Any CPU.ActiveCfg = Release|Any CPU
		{9EFD9CA1-39E3-42B8-BA0C-0965E8010AAF}.Release|Any CPU.Build.0 = Release|Any CPU
	EndGlobalSection
	GlobalSection(SolutionProperties) = preSolution
		HideSolutionNode = FALSE
	EndGlobalSection
	GlobalSection(ExtensibilityGlobals) = postSolution
		SolutionGuid = {A6FAE3C1-76AE-49EE-BD18-7D7FCA1EBA04}
	EndGlobalSection
EndGlobal
